
Microsoft Visual Studio Solution File, Format Version 12.00
# Visual Studio 15
VisualStudioVersion = 15.0.27130.2010
MinimumVisualStudioVersion = 10.0.40219.1
Project("{FAE04EC0-301F-11D3-BF4B-00C04F79EFBC}") = "AoC2017", "AoC2017\AoC2017.csproj", "{D73766B4-0299-414D-9808-15BBED7BB016}"
EndProject
Global
	GlobalSection(SolutionConfigurationPlatforms) = preSolution
		Debug|Any CPU = Debug|Any CPU
		Release|Any CPU = Release|Any CPU
	EndGlobalSection
	GlobalSection(ProjectConfigurationPlatforms) = postSolution
		{D73766B4-0299-414D-9808-15BBED7BB016}.Debug|Any CPU.ActiveCfg = Debug|Any CPU
		{D73766B4-0299-414D-9808-15BBED7BB016}.Debug|Any CPU.Build.0 = Debug|Any CPU
		{D73766B4-0299-414D-9808-15BBED7BB016}.Release|Any CPU.ActiveCfg = Release|Any CPU
		{D73766B4-0299-414D-9808-15BBED7BB016}.Release|Any CPU.Build.0 = Release|Any CPU
	EndGlobalSection
	GlobalSection(SolutionProperties) = preSolution
		HideSolutionNode = FALSE
	EndGlobalSection
	GlobalSection(ExtensibilityGlobals) = postSolution
		SolutionGuid = {E5D8CED4-50DC-4FA2-8D29-3B8CA63D144B}
	EndGlobalSection
EndGlobal
